
Microsoft Visual Studio Solution File, Format Version 12.00
# Visual Studio Version 17
VisualStudioVersion = 17.8.34309.116
MinimumVisualStudioVersion = 10.0.40219.1
Project("{FAE04EC0-301F-11D3-BF4B-00C04F79EFBC}") = "Wema.BIT", "Wema.BIT\Wema.BIT.csproj", "{1873B20C-722E-420C-B7BF-FBCEFC23D239}"
EndProject
Global
	GlobalSection(SolutionConfigurationPlatforms) = preSolution
		Debug|Any CPU = Debug|Any CPU
		Release|Any CPU = Release|Any CPU
	EndGlobalSection
	GlobalSection(ProjectConfigurationPlatforms) = postSolution
		{1873B20C-722E-420C-B7BF-FBCEFC23D239}.Debug|Any CPU.ActiveCfg = Debug|Any CPU
		{1873B20C-722E-420C-B7BF-FBCEFC23D239}.Debug|Any CPU.Build.0 = Debug|Any CPU
		{1873B20C-722E-420C-B7BF-FBCEFC23D239}.Release|Any CPU.ActiveCfg = Release|Any CPU
		{1873B20C-722E-420C-B7BF-FBCEFC23D239}.Release|Any CPU.Build.0 = Release|Any CPU
	EndGlobalSection
	GlobalSection(SolutionProperties) = preSolution
		HideSolutionNode = FALSE
	EndGlobalSection
	GlobalSection(ExtensibilityGlobals) = postSolution
		SolutionGuid = {7E6CFC09-57B0-4040-BDB7-E9F2DE64151B}
	EndGlobalSection
EndGlobal
